// !$*UTF8*$!
{
	archiveVersion = 1;
	classes = {
	};
	objectVersion = 56;
	objects = {

/* Begin PBXBuildFile section */
		05212DF52BDBAF1500C93875 /* downloaderAppApp.swift in Sources */ = {isa = PBXBuildFile; fileRef = 05212DF42BDBAF1500C93875 /* downloaderAppApp.swift */; };
		05212DF72BDBAF1500C93875 /* ContentView.swift in Sources */ = {isa = PBXBuildFile; fileRef = 05212DF62BDBAF1500C93875 /* ContentView.swift */; };
		05212DF92BDBAF1800C93875 /* Assets.xcassets in Resources */ = {isa = PBXBuildFile; fileRef = 05212DF82BDBAF1800C93875 /* Assets.xcassets */; };
		05212DFD2BDBAF1800C93875 /* Preview Assets.xcassets in Resources */ = {isa = PBXBuildFile; fileRef = 05212DFC2BDBAF1800C93875 /* Preview Assets.xcassets */; };
		05212E052BDBCCF500C93875 /* DownloadManager.swift in Sources */ = {isa = PBXBuildFile; fileRef = 05212E042BDBCCF500C93875 /* DownloadManager.swift */; };
		05212E072BDBCE5B00C93875 /* UIViewControllerRepresentable.swift in Sources */ = {isa = PBXBuildFile; fileRef = 05212E062BDBCE5B00C93875 /* UIViewControllerRepresentable.swift */; };
		05212E092BDBD03C00C93875 /* VideoPlayerView.swift in Sources */ = {isa = PBXBuildFile; fileRef = 05212E082BDBD03C00C93875 /* VideoPlayerView.swift */; };
		05212E0C2BDBFCFE00C93875 /* GoogleAPIClientForRESTCore in Frameworks */ = {isa = PBXBuildFile; productRef = 05212E0B2BDBFCFE00C93875 /* GoogleAPIClientForRESTCore */; };
		05212E0E2BDBFCFE00C93875 /* GoogleAPIClientForREST_ACMEDNS in Frameworks */ = {isa = PBXBuildFile; productRef = 05212E0D2BDBFCFE00C93875 /* GoogleAPIClientForREST_ACMEDNS */; };
		05212E102BDBFCFE00C93875 /* GoogleAPIClientForREST_AIPlatformNotebooks in Frameworks */ = {isa = PBXBuildFile; productRef = 05212E0F2BDBFCFE00C93875 /* GoogleAPIClientForREST_AIPlatformNotebooks */; };
		05212E122BDBFCFE00C93875 /* GoogleAPIClientForREST_APIGateway in Frameworks */ = {isa = PBXBuildFile; productRef = 05212E112BDBFCFE00C93875 /* GoogleAPIClientForREST_APIGateway */; };
		05212E142BDBFCFE00C93875 /* GoogleAPIClientForREST_AbusiveExperienceReport in Frameworks */ = {isa = PBXBuildFile; productRef = 05212E132BDBFCFE00C93875 /* GoogleAPIClientForREST_AbusiveExperienceReport */; };
/* End PBXBuildFile section */

/* Begin PBXFileReference section */
		05212DF12BDBAF1500C93875 /* downloaderApp.app */ = {isa = PBXFileReference; explicitFileType = wrapper.application; includeInIndex = 0; path = downloaderApp.app; sourceTree = BUILT_PRODUCTS_DIR; };
		05212DF42BDBAF1500C93875 /* downloaderAppApp.swift */ = {isa = PBXFileReference; lastKnownFileType = sourcecode.swift; path = downloaderAppApp.swift; sourceTree = "<group>"; };
		05212DF62BDBAF1500C93875 /* ContentView.swift */ = {isa = PBXFileReference; lastKnownFileType = sourcecode.swift; path = ContentView.swift; sourceTree = "<group>"; };
		05212DF82BDBAF1800C93875 /* Assets.xcassets */ = {isa = PBXFileReference; lastKnownFileType = folder.assetcatalog; path = Assets.xcassets; sourceTree = "<group>"; };
		05212DFA2BDBAF1800C93875 /* downloaderApp.entitlements */ = {isa = PBXFileReference; lastKnownFileType = text.plist.entitlements; path = downloaderApp.entitlements; sourceTree = "<group>"; };
		05212DFC2BDBAF1800C93875 /* Preview Assets.xcassets */ = {isa = PBXFileReference; lastKnownFileType = folder.assetcatalog; path = "Preview Assets.xcassets"; sourceTree = "<group>"; };
		05212E032BDBBB5500C93875 /* Info.plist */ = {isa = PBXFileReference; lastKnownFileType = text.plist; path = Info.plist; sourceTree = "<group>"; };
		05212E042BDBCCF500C93875 /* DownloadManager.swift */ = {isa = PBXFileReference; lastKnownFileType = sourcecode.swift; path = DownloadManager.swift; sourceTree = "<group>"; };
		05212E062BDBCE5B00C93875 /* UIViewControllerRepresentable.swift */ = {isa = PBXFileReference; lastKnownFileType = sourcecode.swift; path = UIViewControllerRepresentable.swift; sourceTree = "<group>"; };
		05212E082BDBD03C00C93875 /* VideoPlayerView.swift */ = {isa = PBXFileReference; lastKnownFileType = sourcecode.swift; path = VideoPlayerView.swift; sourceTree = "<group>"; };
/* End PBXFileReference section */

/* Begin PBXFrameworksBuildPhase section */
		05212DEE2BDBAF1500C93875 /* Frameworks */ = {
			isa = PBXFrameworksBuildPhase;
			buildActionMask = 2147483647;
			files = (
				05212E0C2BDBFCFE00C93875 /* GoogleAPIClientForRESTCore in Frameworks */,
				05212E122BDBFCFE00C93875 /* GoogleAPIClientForREST_APIGateway in Frameworks */,
				05212E102BDBFCFE00C93875 /* GoogleAPIClientForREST_AIPlatformNotebooks in Frameworks */,
				05212E142BDBFCFE00C93875 /* GoogleAPIClientForREST_AbusiveExperienceReport in Frameworks */,
				05212E0E2BDBFCFE00C93875 /* GoogleAPIClientForREST_ACMEDNS in Frameworks */,
			);
			runOnlyForDeploymentPostprocessing = 0;
		};
/* End PBXFrameworksBuildPhase section */

/* Begin PBXGroup section */
		05212DE82BDBAF1500C93875 = {
			isa = PBXGroup;
			children = (
				05212E082BDBD03C00C93875 /* VideoPlayerView.swift */,
				05212E062BDBCE5B00C93875 /* UIViewControllerRepresentable.swift */,
				05212E042BDBCCF500C93875 /* DownloadManager.swift */,
				05212DF32BDBAF1500C93875 /* downloaderApp */,
				05212DF22BDBAF1500C93875 /* Products */,
			);
			sourceTree = "<group>";
		};
		05212DF22BDBAF1500C93875 /* Products */ = {
			isa = PBXGroup;
			children = (
				05212DF12BDBAF1500C93875 /* downloaderApp.app */,
			);
			name = Products;
			sourceTree = "<group>";
		};
		05212DF32BDBAF1500C93875 /* downloaderApp */ = {
			isa = PBXGroup;
			children = (
				05212E032BDBBB5500C93875 /* Info.plist */,
				05212DF42BDBAF1500C93875 /* downloaderAppApp.swift */,
				05212DF62BDBAF1500C93875 /* ContentView.swift */,
				05212DF82BDBAF1800C93875 /* Assets.xcassets */,
				05212DFA2BDBAF1800C93875 /* downloaderApp.entitlements */,
				05212DFB2BDBAF1800C93875 /* Preview Content */,
			);
			path = downloaderApp;
			sourceTree = "<group>";
		};
		05212DFB2BDBAF1800C93875 /* Preview Content */ = {
			isa = PBXGroup;
			children = (
				05212DFC2BDBAF1800C93875 /* Preview Assets.xcassets */,
			);
			path = "Preview Content";
			sourceTree = "<group>";
		};
/* End PBXGroup section */

/* Begin PBXNativeTarget section */
		05212DF02BDBAF1500C93875 /* downloaderApp */ = {
			isa = PBXNativeTarget;
			buildConfigurationList = 05212E002BDBAF1800C93875 /* Build configuration list for PBXNativeTarget "downloaderApp" */;
			buildPhases = (
				05212DED2BDBAF1500C93875 /* Sources */,
				05212DEE2BDBAF1500C93875 /* Frameworks */,
				05212DEF2BDBAF1500C93875 /* Resources */,
			);
			buildRules = (
			);
			dependencies = (
			);
			name = downloaderApp;
			packageProductDependencies = (
				05212E0B2BDBFCFE00C93875 /* GoogleAPIClientForRESTCore */,
				05212E0D2BDBFCFE00C93875 /* GoogleAPIClientForREST_ACMEDNS */,
				05212E0F2BDBFCFE00C93875 /* GoogleAPIClientForREST_AIPlatformNotebooks */,
				05212E112BDBFCFE00C93875 /* GoogleAPIClientForREST_APIGateway */,
				05212E132BDBFCFE00C93875 /* GoogleAPIClientForREST_AbusiveExperienceReport */,
			);
			productName = downloaderApp;
			productReference = 05212DF12BDBAF1500C93875 /* downloaderApp.app */;
			productType = "com.apple.product-type.application";
		};
/* End PBXNativeTarget section */

/* Begin PBXProject section */
		05212DE92BDBAF1500C93875 /* Project object */ = {
			isa = PBXProject;
			attributes = {
				BuildIndependentTargetsInParallel = 1;
				LastSwiftUpdateCheck = 1520;
				LastUpgradeCheck = 1520;
				TargetAttributes = {
					05212DF02BDBAF1500C93875 = {
						CreatedOnToolsVersion = 15.2;
					};
				};
			};
			buildConfigurationList = 05212DEC2BDBAF1500C93875 /* Build configuration list for PBXProject "downloaderApp" */;
			compatibilityVersion = "Xcode 14.0";
			developmentRegion = en;
			hasScannedForEncodings = 0;
			knownRegions = (
				en,
				Base,
			);
			mainGroup = 05212DE82BDBAF1500C93875;
			packageReferences = (
				05212E0A2BDBFCFE00C93875 /* XCRemoteSwiftPackageReference "google-api-objectivec-client-for-rest" */,
			);
			productRefGroup = 05212DF22BDBAF1500C93875 /* Products */;
			projectDirPath = "";
			projectRoot = "";
			targets = (
				05212DF02BDBAF1500C93875 /* downloaderApp */,
			);
		};
/* End PBXProject section */

/* Begin PBXResourcesBuildPhase section */
		05212DEF2BDBAF1500C93875 /* Resources */ = {
			isa = PBXResourcesBuildPhase;
			buildActionMask = 2147483647;
			files = (
				05212DFD2BDBAF1800C93875 /* Preview Assets.xcassets in Resources */,
				05212DF92BDBAF1800C93875 /* Assets.xcassets in Resources */,
			);
			runOnlyForDeploymentPostprocessing = 0;
		};
/* End PBXResourcesBuildPhase section */

/* Begin PBXSourcesBuildPhase section */
		05212DED2BDBAF1500C93875 /* Sources */ = {
			isa = PBXSourcesBuildPhase;
			buildActionMask = 2147483647;
			files = (
				05212DF72BDBAF1500C93875 /* ContentView.swift in Sources */,
				05212E052BDBCCF500C93875 /* DownloadManager.swift in Sources */,
				05212DF52BDBAF1500C93875 /* downloaderAppApp.swift in Sources */,
				05212E072BDBCE5B00C93875 /* UIViewControllerRepresentable.swift in Sources */,
				05212E092BDBD03C00C93875 /* VideoPlayerView.swift in Sources */,
			);
			runOnlyForDeploymentPostprocessing = 0;
		};
/* End PBXSourcesBuildPhase section */

/* Begin XCBuildConfiguration section */
		05212DFE2BDBAF1800C93875 /* Debug */ = {
			isa = XCBuildConfiguration;
			buildSettings = {
				ALWAYS_SEARCH_USER_PATHS = NO;
				ASSETCATALOG_COMPILER_GENERATE_SWIFT_ASSET_SYMBOL_EXTENSIONS = YES;
				CLANG_ANALYZER_NONNULL = YES;
				CLANG_ANALYZER_NUMBER_OBJECT_CONVERSION = YES_AGGRESSIVE;
				CLANG_CXX_LANGUAGE_STANDARD = "gnu++20";
				CLANG_ENABLE_MODULES = YES;
				CLANG_ENABLE_OBJC_ARC = YES;
				CLANG_ENABLE_OBJC_WEAK = YES;
				CLANG_WARN_BLOCK_CAPTURE_AUTORELEASING = YES;
				CLANG_WARN_BOOL_CONVERSION = YES;
				CLANG_WARN_COMMA = YES;
				CLANG_WARN_CONSTANT_CONVERSION = YES;
				CLANG_WARN_DEPRECATED_OBJC_IMPLEMENTATIONS = YES;
				CLANG_WARN_DIRECT_OBJC_ISA_USAGE = YES_ERROR;
				CLANG_WARN_DOCUMENTATION_COMMENTS = YES;
				CLANG_WARN_EMPTY_BODY = YES;
				CLANG_WARN_ENUM_CONVERSION = YES;
				CLANG_WARN_INFINITE_RECURSION = YES;
				CLANG_WARN_INT_CONVERSION = YES;
				CLANG_WARN_NON_LITERAL_NULL_CONVERSION = YES;
				CLANG_WARN_OBJC_IMPLICIT_RETAIN_SELF = YES;
				CLANG_WARN_OBJC_LITERAL_CONVERSION = YES;
				CLANG_WARN_OBJC_ROOT_CLASS = YES_ERROR;
				CLANG_WARN_QUOTED_INCLUDE_IN_FRAMEWORK_HEADER = YES;
				CLANG_WARN_RANGE_LOOP_ANALYSIS = YES;
				CLANG_WARN_STRICT_PROTOTYPES = YES;
				CLANG_WARN_SUSPICIOUS_MOVE = YES;
				CLANG_WARN_UNGUARDED_AVAILABILITY = YES_AGGRESSIVE;
				CLANG_WARN_UNREACHABLE_CODE = YES;
				CLANG_WARN__DUPLICATE_METHOD_MATCH = YES;
				COPY_PHASE_STRIP = NO;
				DEBUG_INFORMATION_FORMAT = dwarf;
				ENABLE_STRICT_OBJC_MSGSEND = YES;
				ENABLE_TESTABILITY = YES;
				ENABLE_USER_SCRIPT_SANDBOXING = YES;
				GCC_C_LANGUAGE_STANDARD = gnu17;
				GCC_DYNAMIC_NO_PIC = NO;
				GCC_NO_COMMON_BLOCKS = YES;
				GCC_OPTIMIZATION_LEVEL = 0;
				GCC_PREPROCESSOR_DEFINITIONS = (
					"DEBUG=1",
					"$(inherited)",
				);
				GCC_WARN_64_TO_32_BIT_CONVERSION = YES;
				GCC_WARN_ABOUT_RETURN_TYPE = YES_ERROR;
				GCC_WARN_UNDECLARED_SELECTOR = YES;
				GCC_WARN_UNINITIALIZED_AUTOS = YES_AGGRESSIVE;
				GCC_WARN_UNUSED_FUNCTION = YES;
				GCC_WARN_UNUSED_VARIABLE = YES;
				LOCALIZATION_PREFERS_STRING_CATALOGS = YES;
				MTL_ENABLE_DEBUG_INFO = INCLUDE_SOURCE;
				MTL_FAST_MATH = YES;
				ONLY_ACTIVE_ARCH = YES;
				SWIFT_ACTIVE_COMPILATION_CONDITIONS = "DEBUG $(inherited)";
				SWIFT_OPTIMIZATION_LEVEL = "-Onone";
			};
			name = Debug;
		};
		05212DFF2BDBAF1800C93875 /* Release */ = {
			isa = XCBuildConfiguration;
			buildSettings = {
				ALWAYS_SEARCH_USER_PATHS = NO;
				ASSETCATALOG_COMPILER_GENERATE_SWIFT_ASSET_SYMBOL_EXTENSIONS = YES;
				CLANG_ANALYZER_NONNULL = YES;
				CLANG_ANALYZER_NUMBER_OBJECT_CONVERSION = YES_AGGRESSIVE;
				CLANG_CXX_LANGUAGE_STANDARD = "gnu++20";
				CLANG_ENABLE_MODULES = YES;
				CLANG_ENABLE_OBJC_ARC = YES;
				CLANG_ENABLE_OBJC_WEAK = YES;
				CLANG_WARN_BLOCK_CAPTURE_AUTORELEASING = YES;
				CLANG_WARN_BOOL_CONVERSION = YES;
				CLANG_WARN_COMMA = YES;
				CLANG_WARN_CONSTANT_CONVERSION = YES;
				CLANG_WARN_DEPRECATED_OBJC_IMPLEMENTATIONS = YES;
				CLANG_WARN_DIRECT_OBJC_ISA_USAGE = YES_ERROR;
				CLANG_WARN_DOCUMENTATION_COMMENTS = YES;
				CLANG_WARN_EMPTY_BODY = YES;
				CLANG_WARN_ENUM_CONVERSION = YES;
				CLANG_WARN_INFINITE_RECURSION = YES;
				CLANG_WARN_INT_CONVERSION = YES;
				CLANG_WARN_NON_LITERAL_NULL_CONVERSION = YES;
				CLANG_WARN_OBJC_IMPLICIT_RETAIN_SELF = YES;
				CLANG_WARN_OBJC_LITERAL_CONVERSION = YES;
				CLANG_WARN_OBJC_ROOT_CLASS = YES_ERROR;
				CLANG_WARN_QUOTED_INCLUDE_IN_FRAMEWORK_HEADER = YES;
				CLANG_WARN_RANGE_LOOP_ANALYSIS = YES;
				CLANG_WARN_STRICT_PROTOTYPES = YES;
				CLANG_WARN_SUSPICIOUS_MOVE = YES;
				CLANG_WARN_UNGUARDED_AVAILABILITY = YES_AGGRESSIVE;
				CLANG_WARN_UNREACHABLE_CODE = YES;
				CLANG_WARN__DUPLICATE_METHOD_MATCH = YES;
				COPY_PHASE_STRIP = NO;
				DEBUG_INFORMATION_FORMAT = "dwarf-with-dsym";
				ENABLE_NS_ASSERTIONS = NO;
				ENABLE_STRICT_OBJC_MSGSEND = YES;
				ENABLE_USER_SCRIPT_SANDBOXING = YES;
				GCC_C_LANGUAGE_STANDARD = gnu17;
				GCC_NO_COMMON_BLOCKS = YES;
				GCC_WARN_64_TO_32_BIT_CONVERSION = YES;
				GCC_WARN_ABOUT_RETURN_TYPE = YES_ERROR;
				GCC_WARN_UNDECLARED_SELECTOR = YES;
				GCC_WARN_UNINITIALIZED_AUTOS = YES_AGGRESSIVE;
				GCC_WARN_UNUSED_FUNCTION = YES;
				GCC_WARN_UNUSED_VARIABLE = YES;
				LOCALIZATION_PREFERS_STRING_CATALOGS = YES;
				MTL_ENABLE_DEBUG_INFO = NO;
				MTL_FAST_MATH = YES;
				SWIFT_COMPILATION_MODE = wholemodule;
			};
			name = Release;
		};
		05212E012BDBAF1800C93875 /* Debug */ = {
			isa = XCBuildConfiguration;
			buildSettings = {
				ASSETCATALOG_COMPILER_APPICON_NAME = AppIcon;
				ASSETCATALOG_COMPILER_GLOBAL_ACCENT_COLOR_NAME = AccentColor;
				CODE_SIGN_ENTITLEMENTS = downloaderApp/downloaderApp.entitlements;
				CODE_SIGN_STYLE = Automatic;
				CURRENT_PROJECT_VERSION = 1;
				DEVELOPMENT_ASSET_PATHS = "\"downloaderApp/Preview Content\"";
				DEVELOPMENT_TEAM = X7BKQLM7H9;
				ENABLE_HARDENED_RUNTIME = YES;
				ENABLE_PREVIEWS = YES;
				GENERATE_INFOPLIST_FILE = YES;
				INFOPLIST_FILE = downloaderApp/Info.plist;
				INFOPLIST_KEY_NSPhotoLibraryAddUsageDescription = "";
				INFOPLIST_KEY_NSPhotoLibraryUsageDescription = "";
				"INFOPLIST_KEY_UIApplicationSceneManifest_Generation[sdk=iphoneos*]" = YES;
				"INFOPLIST_KEY_UIApplicationSceneManifest_Generation[sdk=iphonesimulator*]" = YES;
				"INFOPLIST_KEY_UIApplicationSupportsIndirectInputEvents[sdk=iphoneos*]" = YES;
				"INFOPLIST_KEY_UIApplicationSupportsIndirectInputEvents[sdk=iphonesimulator*]" = YES;
				"INFOPLIST_KEY_UILaunchScreen_Generation[sdk=iphoneos*]" = YES;
				"INFOPLIST_KEY_UILaunchScreen_Generation[sdk=iphonesimulator*]" = YES;
				"INFOPLIST_KEY_UIStatusBarStyle[sdk=iphoneos*]" = UIStatusBarStyleDefault;
				"INFOPLIST_KEY_UIStatusBarStyle[sdk=iphonesimulator*]" = UIStatusBarStyleDefault;
				INFOPLIST_KEY_UISupportedInterfaceOrientations_iPad = "UIInterfaceOrientationPortrait UIInterfaceOrientationPortraitUpsideDown UIInterfaceOrientationLandscapeLeft UIInterfaceOrientationLandscapeRight";
				IPHONEOS_DEPLOYMENT_TARGET = 17.2;
				LD_RUNPATH_SEARCH_PATHS = "@executable_path/Frameworks";
				"LD_RUNPATH_SEARCH_PATHS[sdk=macosx*]" = "@executable_path/../Frameworks";
				MACOSX_DEPLOYMENT_TARGET = 14.2;
				MARKETING_VERSION = 1.0;
				PRODUCT_BUNDLE_IDENTIFIER = com.alsbihawi.abbas.downloaderApp;
				PRODUCT_NAME = "$(TARGET_NAME)";
				SDKROOT = auto;
				SUPPORTED_PLATFORMS = "iphoneos iphonesimulator macosx";
				SWIFT_EMIT_LOC_STRINGS = YES;
				SWIFT_VERSION = 5.0;
				TARGETED_DEVICE_FAMILY = "1,2";
			};
			name = Debug;
		};
		05212E022BDBAF1800C93875 /* Release */ = {
			isa = XCBuildConfiguration;
			buildSettings = {
				ASSETCATALOG_COMPILER_APPICON_NAME = AppIcon;
				ASSETCATALOG_COMPILER_GLOBAL_ACCENT_COLOR_NAME = AccentColor;
				CODE_SIGN_ENTITLEMENTS = downloaderApp/downloaderApp.entitlements;
				CODE_SIGN_STYLE = Automatic;
				CURRENT_PROJECT_VERSION = 1;
				DEVELOPMENT_ASSET_PATHS = "\"downloaderApp/Preview Content\"";
				DEVELOPMENT_TEAM = X7BKQLM7H9;
				ENABLE_HARDENED_RUNTIME = YES;
				ENABLE_PREVIEWS = YES;
				GENERATE_INFOPLIST_FILE = YES;
				INFOPLIST_FILE = downloaderApp/Info.plist;
				INFOPLIST_KEY_NSPhotoLibraryAddUsageDescription = "";
				INFOPLIST_KEY_NSPhotoLibraryUsageDescription = "";
				"INFOPLIST_KEY_UIApplicationSceneManifest_Generation[sdk=iphoneos*]" = YES;
				"INFOPLIST_KEY_UIApplicationSceneManifest_Generation[sdk=iphonesimulator*]" = YES;
				"INFOPLIST_KEY_UIApplicationSupportsIndirectInputEvents[sdk=iphoneos*]" = YES;
				"INFOPLIST_KEY_UIApplicationSupportsIndirectInputEvents[sdk=iphonesimulator*]" = YES;
				"INFOPLIST_KEY_UILaunchScreen_Generation[sdk=iphoneos*]" = YES;
				"INFOPLIST_KEY_UILaunchScreen_Generation[sdk=iphonesimulator*]" = YES;
				"INFOPLIST_KEY_UIStatusBarStyle[sdk=iphoneos*]" = UIStatusBarStyleDefault;
				"INFOPLIST_KEY_UIStatusBarStyle[sdk=iphonesimulator*]" = UIStatusBarStyleDefault;
				INFOPLIST_KEY_UISupportedInterfaceOrientations_iPad = "UIInterfaceOrientationPortrait UIInterfaceOrientationPortraitUpsideDown UIInterfaceOrientationLandscapeLeft UIInterfaceOrientationLandscapeRight";
				IPHONEOS_DEPLOYMENT_TARGET = 17.2;
				LD_RUNPATH_SEARCH_PATHS = "@executable_path/Frameworks";
				"LD_RUNPATH_SEARCH_PATHS[sdk=macosx*]" = "@executable_path/../Frameworks";
				MACOSX_DEPLOYMENT_TARGET = 14.2;
				MARKETING_VERSION = 1.0;
				PRODUCT_BUNDLE_IDENTIFIER = com.alsbihawi.abbas.downloaderApp;
				PRODUCT_NAME = "$(TARGET_NAME)";
				SDKROOT = auto;
				SUPPORTED_PLATFORMS = "iphoneos iphonesimulator macosx";
				SWIFT_EMIT_LOC_STRINGS = YES;
				SWIFT_VERSION = 5.0;
				TARGETED_DEVICE_FAMILY = "1,2";
			};
			name = Release;
		};
/* End XCBuildConfiguration section */

/* Begin XCConfigurationList section */
		05212DEC2BDBAF1500C93875 /* Build configuration list for PBXProject "downloaderApp" */ = {
			isa = XCConfigurationList;
			buildConfigurations = (
				05212DFE2BDBAF1800C93875 /* Debug */,
				05212DFF2BDBAF1800C93875 /* Release */,
			);
			defaultConfigurationIsVisible = 0;
			defaultConfigurationName = Release;
		};
		05212E002BDBAF1800C93875 /* Build configuration list for PBXNativeTarget "downloaderApp" */ = {
			isa = XCConfigurationList;
			buildConfigurations = (
				05212E012BDBAF1800C93875 /* Debug */,
				05212E022BDBAF1800C93875 /* Release */,
			);
			defaultConfigurationIsVisible = 0;
			defaultConfigurationName = Release;
		};
/* End XCConfigurationList section */

/* Begin XCRemoteSwiftPackageReference section */
		05212E0A2BDBFCFE00C93875 /* XCRemoteSwiftPackageReference "google-api-objectivec-client-for-rest" */ = {
			isa = XCRemoteSwiftPackageReference;
			repositoryURL = "https://github.com/google/google-api-objectivec-client-for-rest.git";
			requirement = {
				branch = main;
				kind = branch;
			};
		};
/* End XCRemoteSwiftPackageReference section */

/* Begin XCSwiftPackageProductDependency section */
		05212E0B2BDBFCFE00C93875 /* GoogleAPIClientForRESTCore */ = {
			isa = XCSwiftPackageProductDependency;
			package = 05212E0A2BDBFCFE00C93875 /* XCRemoteSwiftPackageReference "google-api-objectivec-client-for-rest" */;
			productName = GoogleAPIClientForRESTCore;
		};
		05212E0D2BDBFCFE00C93875 /* GoogleAPIClientForREST_ACMEDNS */ = {
			isa = XCSwiftPackageProductDependency;
			package = 05212E0A2BDBFCFE00C93875 /* XCRemoteSwiftPackageReference "google-api-objectivec-client-for-rest" */;
			productName = GoogleAPIClientForREST_ACMEDNS;
		};
		05212E0F2BDBFCFE00C93875 /* GoogleAPIClientForREST_AIPlatformNotebooks */ = {
			isa = XCSwiftPackageProductDependency;
			package = 05212E0A2BDBFCFE00C93875 /* XCRemoteSwiftPackageReference "google-api-objectivec-client-for-rest" */;
			productName = GoogleAPIClientForREST_AIPlatformNotebooks;
		};
		05212E112BDBFCFE00C93875 /* GoogleAPIClientForREST_APIGateway */ = {
			isa = XCSwiftPackageProductDependency;
			package = 05212E0A2BDBFCFE00C93875 /* XCRemoteSwiftPackageReference "google-api-objectivec-client-for-rest" */;
			productName = GoogleAPIClientForREST_APIGateway;
		};
		05212E132BDBFCFE00C93875 /* GoogleAPIClientForREST_AbusiveExperienceReport */ = {
			isa = XCSwiftPackageProductDependency;
			package = 05212E0A2BDBFCFE00C93875 /* XCRemoteSwiftPackageReference "google-api-objectivec-client-for-rest" */;
			productName = GoogleAPIClientForREST_AbusiveExperienceReport;
		};
/* End XCSwiftPackageProductDependency section */
	};
	rootObject = 05212DE92BDBAF1500C93875 /* Project object */;
}
